
Microsoft Visual Studio Solution File, Format Version 12.00
Project("{FAE04EC0-301F-11D3-BF4B-00C04F79EFBC}") = "GeoBlazor_118_Bug_Repro", "GeoBlazor_118_Bug_Repro\GeoBlazor_118_Bug_Repro.csproj", "{2DFDF203-A6EA-4901-B51F-0AB7EEFB6BED}"
EndProject
Global
	GlobalSection(SolutionConfigurationPlatforms) = preSolution
		Debug|Any CPU = Debug|Any CPU
		Release|Any CPU = Release|Any CPU
	EndGlobalSection
	GlobalSection(ProjectConfigurationPlatforms) = postSolution
		{2DFDF203-A6EA-4901-B51F-0AB7EEFB6BED}.Debug|Any CPU.ActiveCfg = Debug|Any CPU
		{2DFDF203-A6EA-4901-B51F-0AB7EEFB6BED}.Debug|Any CPU.Build.0 = Debug|Any CPU
		{2DFDF203-A6EA-4901-B51F-0AB7EEFB6BED}.Release|Any CPU.ActiveCfg = Release|Any CPU
		{2DFDF203-A6EA-4901-B51F-0AB7EEFB6BED}.Release|Any CPU.Build.0 = Release|Any CPU
	EndGlobalSection
EndGlobal
